
Microsoft Visual Studio Solution File, Format Version 12.00
# Visual Studio Version 17
VisualStudioVersion = 17.8.34601.278
MinimumVisualStudioVersion = 10.0.40219.1
Project("{FAE04EC0-301F-11D3-BF4B-00C04F79EFBC}") = "MVC_Event_Registration", "MVC_Event_Registration.csproj", "{49A095C1-1A39-4798-8EAD-663C360A5375}"
EndProject
Project("{FAE04EC0-301F-11D3-BF4B-00C04F79EFBC}") = "ERM_ENTITIES", "..\ERM_ENTITIES\ERM_ENTITIES.csproj", "{49A0227F-EE83-453A-A3E8-7B6FE8BABE1E}"
EndProject
Project("{FAE04EC0-301F-11D3-BF4B-00C04F79EFBC}") = "ERM_DAL", "..\ERM_DAL\ERM_DAL.csproj", "{0BD44A90-74F5-4DF0-A131-84454E9AB83F}"
EndProject
Project("{FAE04EC0-301F-11D3-BF4B-00C04F79EFBC}") = "ERM_BLL", "..\ERM_BLL\ERM_BLL.csproj", "{88AB0CF6-3E0B-41B6-BC51-DC46BC500799}"
EndProject
Global
	GlobalSection(SolutionConfigurationPlatforms) = preSolution
		Debug|Any CPU = Debug|Any CPU
		Release|Any CPU = Release|Any CPU
	EndGlobalSection
	GlobalSection(ProjectConfigurationPlatforms) = postSolution
		{49A095C1-1A39-4798-8EAD-663C360A5375}.Debug|Any CPU.ActiveCfg = Debug|Any CPU
		{49A095C1-1A39-4798-8EAD-663C360A5375}.Debug|Any CPU.Build.0 = Debug|Any CPU
		{49A095C1-1A39-4798-8EAD-663C360A5375}.Release|Any CPU.ActiveCfg = Release|Any CPU
		{49A095C1-1A39-4798-8EAD-663C360A5375}.Release|Any CPU.Build.0 = Release|Any CPU
		{49A0227F-EE83-453A-A3E8-7B6FE8BABE1E}.Debug|Any CPU.ActiveCfg = Debug|Any CPU
		{49A0227F-EE83-453A-A3E8-7B6FE8BABE1E}.Debug|Any CPU.Build.0 = Debug|Any CPU
		{49A0227F-EE83-453A-A3E8-7B6FE8BABE1E}.Release|Any CPU.ActiveCfg = Release|Any CPU
		{49A0227F-EE83-453A-A3E8-7B6FE8BABE1E}.Release|Any CPU.Build.0 = Release|Any CPU
		{0BD44A90-74F5-4DF0-A131-84454E9AB83F}.Debug|Any CPU.ActiveCfg = Debug|Any CPU
		{0BD44A90-74F5-4DF0-A131-84454E9AB83F}.Debug|Any CPU.Build.0 = Debug|Any CPU
		{0BD44A90-74F5-4DF0-A131-84454E9AB83F}.Release|Any CPU.ActiveCfg = Release|Any CPU
		{0BD44A90-74F5-4DF0-A131-84454E9AB83F}.Release|Any CPU.Build.0 = Release|Any CPU
		{88AB0CF6-3E0B-41B6-BC51-DC46BC500799}.Debug|Any CPU.ActiveCfg = Debug|Any CPU
		{88AB0CF6-3E0B-41B6-BC51-DC46BC500799}.Debug|Any CPU.Build.0 = Debug|Any CPU
		{88AB0CF6-3E0B-41B6-BC51-DC46BC500799}.Release|Any CPU.ActiveCfg = Release|Any CPU
		{88AB0CF6-3E0B-41B6-BC51-DC46BC500799}.Release|Any CPU.Build.0 = Release|Any CPU
	EndGlobalSection
	GlobalSection(SolutionProperties) = preSolution
		HideSolutionNode = FALSE
	EndGlobalSection
	GlobalSection(ExtensibilityGlobals) = postSolution
		SolutionGuid = {70CC18D4-5C42-405A-AE4B-1FE43EF7207A}
	EndGlobalSection
EndGlobal
